
Microsoft Visual Studio Solution File, Format Version 12.00
# Visual Studio Version 16
VisualStudioVersion = 16.0.29806.167
MinimumVisualStudioVersion = 10.0.40219.1
Project("{8BC9CEB8-8B4A-11D0-8D11-00A0C91BC942}") = "2020_0321_Lagrange_homework", "2020_0321_Lagrange_homework.vcxproj", "{2F478FB6-8393-4F55-ABB9-FE0AD7D97955}"
EndProject
Global
	GlobalSection(SolutionConfigurationPlatforms) = preSolution
		Debug|x64 = Debug|x64
		Debug|x86 = Debug|x86
		Release|x64 = Release|x64
		Release|x86 = Release|x86
	EndGlobalSection
	GlobalSection(ProjectConfigurationPlatforms) = postSolution
		{2F478FB6-8393-4F55-ABB9-FE0AD7D97955}.Debug|x64.ActiveCfg = Debug|x64
		{2F478FB6-8393-4F55-ABB9-FE0AD7D97955}.Debug|x64.Build.0 = Debug|x64
		{2F478FB6-8393-4F55-ABB9-FE0AD7D97955}.Debug|x86.ActiveCfg = Debug|Win32
		{2F478FB6-8393-4F55-ABB9-FE0AD7D97955}.Debug|x86.Build.0 = Debug|Win32
		{2F478FB6-8393-4F55-ABB9-FE0AD7D97955}.Release|x64.ActiveCfg = Release|x64
		{2F478FB6-8393-4F55-ABB9-FE0AD7D97955}.Release|x64.Build.0 = Release|x64
		{2F478FB6-8393-4F55-ABB9-FE0AD7D97955}.Release|x86.ActiveCfg = Release|Win32
		{2F478FB6-8393-4F55-ABB9-FE0AD7D97955}.Release|x86.Build.0 = Release|Win32
	EndGlobalSection
	GlobalSection(SolutionProperties) = preSolution
		HideSolutionNode = FALSE
	EndGlobalSection
	GlobalSection(ExtensibilityGlobals) = postSolution
		SolutionGuid = {9AEA220E-F272-4000-B129-3A61D9E2B539}
	EndGlobalSection
EndGlobal
